// !$*UTF8*$!
{
	archiveVersion = 1;
	classes = {
	};
	objectVersion = 46;
	objects = {

/* Begin PBXBuildFile section */
		019CB1D91EFE4CC4001CA496 /* AFHTTPSessionManager.m in Sources */ = {isa = PBXBuildFile; fileRef = 019CB1A51EFE4CC4001CA496 /* AFHTTPSessionManager.m */; };
		019CB1DA1EFE4CC4001CA496 /* AFNetworkReachabilityManager.m in Sources */ = {isa = PBXBuildFile; fileRef = 019CB1A81EFE4CC4001CA496 /* AFNetworkReachabilityManager.m */; };
		019CB1DB1EFE4CC4001CA496 /* AFSecurityPolicy.m in Sources */ = {isa = PBXBuildFile; fileRef = 019CB1AA1EFE4CC4001CA496 /* AFSecurityPolicy.m */; };
		019CB1DC1EFE4CC4001CA496 /* AFURLRequestSerialization.m in Sources */ = {isa = PBXBuildFile; fileRef = 019CB1AC1EFE4CC4001CA496 /* AFURLRequestSerialization.m */; };
		019CB1DD1EFE4CC4001CA496 /* AFURLResponseSerialization.m in Sources */ = {isa = PBXBuildFile; fileRef = 019CB1AE1EFE4CC4001CA496 /* AFURLResponseSerialization.m */; };
		019CB1DE1EFE4CC4001CA496 /* AFURLSessionManager.m in Sources */ = {isa = PBXBuildFile; fileRef = 019CB1B01EFE4CC4001CA496 /* AFURLSessionManager.m */; };
		019CB1DF1EFE4CC4001CA496 /* MKAnnotationView+WebCache.m in Sources */ = {isa = PBXBuildFile; fileRef = 019CB1B31EFE4CC4001CA496 /* MKAnnotationView+WebCache.m */; };
		019CB1E01EFE4CC4001CA496 /* NSData+ImageContentType.m in Sources */ = {isa = PBXBuildFile; fileRef = 019CB1B51EFE4CC4001CA496 /* NSData+ImageContentType.m */; };
		019CB1E11EFE4CC4001CA496 /* SDImageCache.m in Sources */ = {isa = PBXBuildFile; fileRef = 019CB1B71EFE4CC4001CA496 /* SDImageCache.m */; };
		019CB1E21EFE4CC4001CA496 /* SDWebImageCompat.m in Sources */ = {isa = PBXBuildFile; fileRef = 019CB1B91EFE4CC4001CA496 /* SDWebImageCompat.m */; };
		019CB1E31EFE4CC4001CA496 /* SDWebImageDecoder.m in Sources */ = {isa = PBXBuildFile; fileRef = 019CB1BB1EFE4CC4001CA496 /* SDWebImageDecoder.m */; };
		019CB1E41EFE4CC4001CA496 /* SDWebImageDownloader.m in Sources */ = {isa = PBXBuildFile; fileRef = 019CB1BD1EFE4CC4001CA496 /* SDWebImageDownloader.m */; };
		019CB1E51EFE4CC4001CA496 /* SDWebImageDownloaderOperation.m in Sources */ = {isa = PBXBuildFile; fileRef = 019CB1BF1EFE4CC4001CA496 /* SDWebImageDownloaderOperation.m */; };
		019CB1E61EFE4CC4001CA496 /* SDWebImageManager.m in Sources */ = {isa = PBXBuildFile; fileRef = 019CB1C11EFE4CC4001CA496 /* SDWebImageManager.m */; };
		019CB1E71EFE4CC4001CA496 /* SDWebImagePrefetcher.m in Sources */ = {isa = PBXBuildFile; fileRef = 019CB1C41EFE4CC4001CA496 /* SDWebImagePrefetcher.m */; };
		019CB1E81EFE4CC4001CA496 /* UIButton+WebCache.m in Sources */ = {isa = PBXBuildFile; fileRef = 019CB1C61EFE4CC4001CA496 /* UIButton+WebCache.m */; };
		019CB1E91EFE4CC4001CA496 /* UIImage+GIF.m in Sources */ = {isa = PBXBuildFile; fileRef = 019CB1C81EFE4CC4001CA496 /* UIImage+GIF.m */; };
		019CB1EA1EFE4CC4001CA496 /* UIImage+MultiFormat.m in Sources */ = {isa = PBXBuildFile; fileRef = 019CB1CA1EFE4CC4001CA496 /* UIImage+MultiFormat.m */; };
		019CB1EB1EFE4CC4001CA496 /* UIImage+WebP.m in Sources */ = {isa = PBXBuildFile; fileRef = 019CB1CC1EFE4CC4001CA496 /* UIImage+WebP.m */; };
		019CB1EC1EFE4CC4001CA496 /* UIImageView+HighlightedWebCache.m in Sources */ = {isa = PBXBuildFile; fileRef = 019CB1CE1EFE4CC4001CA496 /* UIImageView+HighlightedWebCache.m */; };
		019CB1ED1EFE4CC4001CA496 /* UIImageView+WebCache.m in Sources */ = {isa = PBXBuildFile; fileRef = 019CB1D01EFE4CC4001CA496 /* UIImageView+WebCache.m */; };
		019CB1EE1EFE4CC4001CA496 /* UIView+WebCacheOperation.m in Sources */ = {isa = PBXBuildFile; fileRef = 019CB1D21EFE4CC4001CA496 /* UIView+WebCacheOperation.m */; };
		019CB1EF1EFE4CC4001CA496 /* NSObject+YYModel.m in Sources */ = {isa = PBXBuildFile; fileRef = 019CB1D51EFE4CC4001CA496 /* NSObject+YYModel.m */; };
		019CB1F01EFE4CC4001CA496 /* YYClassInfo.m in Sources */ = {isa = PBXBuildFile; fileRef = 019CB1D71EFE4CC4001CA496 /* YYClassInfo.m */; };
		019CB1F31EFE4D00001CA496 /* AppModel.m in Sources */ = {isa = PBXBuildFile; fileRef = 019CB1F21EFE4D00001CA496 /* AppModel.m */; };
		01C850041EFCF87F00A61A28 /* main.m in Sources */ = {isa = PBXBuildFile; fileRef = 01C850031EFCF87F00A61A28 /* main.m */; };
		01C850071EFCF87F00A61A28 /* AppDelegate.m in Sources */ = {isa = PBXBuildFile; fileRef = 01C850061EFCF87F00A61A28 /* AppDelegate.m */; };
		01C8500A1EFCF87F00A61A28 /* ViewController.m in Sources */ = {isa = PBXBuildFile; fileRef = 01C850091EFCF87F00A61A28 /* ViewController.m */; };
		01C8500D1EFCF87F00A61A28 /* Main.storyboard in Resources */ = {isa = PBXBuildFile; fileRef = 01C8500B1EFCF87F00A61A28 /* Main.storyboard */; };
		01C8500F1EFCF87F00A61A28 /* Assets.xcassets in Resources */ = {isa = PBXBuildFile; fileRef = 01C8500E1EFCF87F00A61A28 /* Assets.xcassets */; };
		01C850121EFCF87F00A61A28 /* LaunchScreen.storyboard in Resources */ = {isa = PBXBuildFile; fileRef = 01C850101EFCF87F00A61A28 /* LaunchScreen.storyboard */; };
		01C8501C1EFD000200A61A28 /* SZDownloadOperation.m in Sources */ = {isa = PBXBuildFile; fileRef = 01C8501B1EFD000200A61A28 /* SZDownloadOperation.m */; };
/* End PBXBuildFile section */

/* Begin PBXFileReference section */
		019CB1A41EFE4CC4001CA496 /* AFHTTPSessionManager.h */ = {isa = PBXFileReference; fileEncoding = 4; lastKnownFileType = sourcecode.c.h; path = AFHTTPSessionManager.h; sourceTree = "<group>"; };
		019CB1A51EFE4CC4001CA496 /* AFHTTPSessionManager.m */ = {isa = PBXFileReference; fileEncoding = 4; lastKnownFileType = sourcecode.c.objc; path = AFHTTPSessionManager.m; sourceTree = "<group>"; };
		019CB1A61EFE4CC4001CA496 /* AFNetworking.h */ = {isa = PBXFileReference; fileEncoding = 4; lastKnownFileType = sourcecode.c.h; path = AFNetworking.h; sourceTree = "<group>"; };
		019CB1A71EFE4CC4001CA496 /* AFNetworkReachabilityManager.h */ = {isa = PBXFileReference; fileEncoding = 4; lastKnownFileType = sourcecode.c.h; path = AFNetworkReachabilityManager.h; sourceTree = "<group>"; };
		019CB1A81EFE4CC4001CA496 /* AFNetworkReachabilityManager.m */ = {isa = PBXFileReference; fileEncoding = 4; lastKnownFileType = sourcecode.c.objc; path = AFNetworkReachabilityManager.m; sourceTree = "<group>"; };
		019CB1A91EFE4CC4001CA496 /* AFSecurityPolicy.h */ = {isa = PBXFileReference; fileEncoding = 4; lastKnownFileType = sourcecode.c.h; path = AFSecurityPolicy.h; sourceTree = "<group>"; };
		019CB1AA1EFE4CC4001CA496 /* AFSecurityPolicy.m */ = {isa = PBXFileReference; fileEncoding = 4; lastKnownFileType = sourcecode.c.objc; path = AFSecurityPolicy.m; sourceTree = "<group>"; };
		019CB1AB1EFE4CC4001CA496 /* AFURLRequestSerialization.h */ = {isa = PBXFileReference; fileEncoding = 4; lastKnownFileType = sourcecode.c.h; path = AFURLRequestSerialization.h; sourceTree = "<group>"; };
		019CB1AC1EFE4CC4001CA496 /* AFURLRequestSerialization.m */ = {isa = PBXFileReference; fileEncoding = 4; lastKnownFileType = sourcecode.c.objc; path = AFURLRequestSerialization.m; sourceTree = "<group>"; };
		019CB1AD1EFE4CC4001CA496 /* AFURLResponseSerialization.h */ = {isa = PBXFileReference; fileEncoding = 4; lastKnownFileType = sourcecode.c.h; path = AFURLResponseSerialization.h; sourceTree = "<group>"; };
		019CB1AE1EFE4CC4001CA496 /* AFURLResponseSerialization.m */ = {isa = PBXFileReference; fileEncoding = 4; lastKnownFileType = sourcecode.c.objc; path = AFURLResponseSerialization.m; sourceTree = "<group>"; };
		019CB1AF1EFE4CC4001CA496 /* AFURLSessionManager.h */ = {isa = PBXFileReference; fileEncoding = 4; lastKnownFileType = sourcecode.c.h; path = AFURLSessionManager.h; sourceTree = "<group>"; };
		019CB1B01EFE4CC4001CA496 /* AFURLSessionManager.m */ = {isa = PBXFileReference; fileEncoding = 4; lastKnownFileType = sourcecode.c.objc; path = AFURLSessionManager.m; sourceTree = "<group>"; };
		019CB1B21EFE4CC4001CA496 /* MKAnnotationView+WebCache.h */ = {isa = PBXFileReference; fileEncoding = 4; lastKnownFileType = sourcecode.c.h; path = "MKAnnotationView+WebCache.h"; sourceTree = "<group>"; };
		019CB1B31EFE4CC4001CA496 /* MKAnnotationView+WebCache.m */ = {isa = PBXFileReference; fileEncoding = 4; lastKnownFileType = sourcecode.c.objc; path = "MKAnnotationView+WebCache.m"; sourceTree = "<group>"; };
		019CB1B41EFE4CC4001CA496 /* NSData+ImageContentType.h */ = {isa = PBXFileReference; fileEncoding = 4; lastKnownFileType = sourcecode.c.h; path = "NSData+ImageContentType.h"; sourceTree = "<group>"; };
		019CB1B51EFE4CC4001CA496 /* NSData+ImageContentType.m */ = {isa = PBXFileReference; fileEncoding = 4; lastKnownFileType = sourcecode.c.objc; path = "NSData+ImageContentType.m"; sourceTree = "<group>"; };
		019CB1B61EFE4CC4001CA496 /* SDImageCache.h */ = {isa = PBXFileReference; fileEncoding = 4; lastKnownFileType = sourcecode.c.h; path = SDImageCache.h; sourceTree = "<group>"; };
		019CB1B71EFE4CC4001CA496 /* SDImageCache.m */ = {isa = PBXFileReference; fileEncoding = 4; lastKnownFileType = sourcecode.c.objc; path = SDImageCache.m; sourceTree = "<group>"; };
		019CB1B81EFE4CC4001CA496 /* SDWebImageCompat.h */ = {isa = PBXFileReference; fileEncoding = 4; lastKnownFileType = sourcecode.c.h; path = SDWebImageCompat.h; sourceTree = "<group>"; };
		019CB1B91EFE4CC4001CA496 /* SDWebImageCompat.m */ = {isa = PBXFileReference; fileEncoding = 4; lastKnownFileType = sourcecode.c.objc; path = SDWebImageCompat.m; sourceTree = "<group>"; };
		019CB1BA1EFE4CC4001CA496 /* SDWebImageDecoder.h */ = {isa = PBXFileReference; fileEncoding = 4; lastKnownFileType = sourcecode.c.h; path = SDWebImageDecoder.h; sourceTree = "<group>"; };
		019CB1BB1EFE4CC4001CA496 /* SDWebImageDecoder.m */ = {isa = PBXFileReference; fileEncoding = 4; lastKnownFileType = sourcecode.c.objc; path = SDWebImageDecoder.m; sourceTree = "<group>"; };
		019CB1BC1EFE4CC4001CA496 /* SDWebImageDownloader.h */ = {isa = PBXFileReference; fileEncoding = 4; lastKnownFileType = sourcecode.c.h; path = SDWebImageDownloader.h; sourceTree = "<group>"; };
		019CB1BD1EFE4CC4001CA496 /* SDWebImageDownloader.m */ = {isa = PBXFileReference; fileEncoding = 4; lastKnownFileType = sourcecode.c.objc; path = SDWebImageDownloader.m; sourceTree = "<group>"; };
		019CB1BE1EFE4CC4001CA496 /* SDWebImageDownloaderOperation.h */ = {isa = PBXFileReference; fileEncoding = 4; lastKnownFileType = sourcecode.c.h; path = SDWebImageDownloaderOperation.h; sourceTree = "<group>"; };
		019CB1BF1EFE4CC4001CA496 /* SDWebImageDownloaderOperation.m */ = {isa = PBXFileReference; fileEncoding = 4; lastKnownFileType = sourcecode.c.objc; path = SDWebImageDownloaderOperation.m; sourceTree = "<group>"; };
		019CB1C01EFE4CC4001CA496 /* SDWebImageManager.h */ = {isa = PBXFileReference; fileEncoding = 4; lastKnownFileType = sourcecode.c.h; path = SDWebImageManager.h; sourceTree = "<group>"; };
		019CB1C11EFE4CC4001CA496 /* SDWebImageManager.m */ = {isa = PBXFileReference; fileEncoding = 4; lastKnownFileType = sourcecode.c.objc; path = SDWebImageManager.m; sourceTree = "<group>"; };
		019CB1C21EFE4CC4001CA496 /* SDWebImageOperation.h */ = {isa = PBXFileReference; fileEncoding = 4; lastKnownFileType = sourcecode.c.h; path = SDWebImageOperation.h; sourceTree = "<group>"; };
		019CB1C31EFE4CC4001CA496 /* SDWebImagePrefetcher.h */ = {isa = PBXFileReference; fileEncoding = 4; lastKnownFileType = sourcecode.c.h; path = SDWebImagePrefetcher.h; sourceTree = "<group>"; };
		019CB1C41EFE4CC4001CA496 /* SDWebImagePrefetcher.m */ = {isa = PBXFileReference; fileEncoding = 4; lastKnownFileType = sourcecode.c.objc; path = SDWebImagePrefetcher.m; sourceTree = "<group>"; };
		019CB1C51EFE4CC4001CA496 /* UIButton+WebCache.h */ = {isa = PBXFileReference; fileEncoding = 4; lastKnownFileType = sourcecode.c.h; path = "UIButton+WebCache.h"; sourceTree = "<group>"; };
		019CB1C61EFE4CC4001CA496 /* UIButton+WebCache.m */ = {isa = PBXFileReference; fileEncoding = 4; lastKnownFileType = sourcecode.c.objc; path = "UIButton+WebCache.m"; sourceTree = "<group>"; };
		019CB1C71EFE4CC4001CA496 /* UIImage+GIF.h */ = {isa = PBXFileReference; fileEncoding = 4; lastKnownFileType = sourcecode.c.h; path = "UIImage+GIF.h"; sourceTree = "<group>"; };
		019CB1C81EFE4CC4001CA496 /* UIImage+GIF.m */ = {isa = PBXFileReference; fileEncoding = 4; lastKnownFileType = sourcecode.c.objc; path = "UIImage+GIF.m"; sourceTree = "<group>"; };
		019CB1C91EFE4CC4001CA496 /* UIImage+MultiFormat.h */ = {isa = PBXFileReference; fileEncoding = 4; lastKnownFileType = sourcecode.c.h; path = "UIImage+MultiFormat.h"; sourceTree = "<group>"; };
		019CB1CA1EFE4CC4001CA496 /* UIImage+MultiFormat.m */ = {isa = PBXFileReference; fileEncoding = 4; lastKnownFileType = sourcecode.c.objc; path = "UIImage+MultiFormat.m"; sourceTree = "<group>"; };
		019CB1CB1EFE4CC4001CA496 /* UIImage+WebP.h */ = {isa = PBXFileReference; fileEncoding = 4; lastKnownFileType = sourcecode.c.h; path = "UIImage+WebP.h"; sourceTree = "<group>"; };
		019CB1CC1EFE4CC4001CA496 /* UIImage+WebP.m */ = {isa = PBXFileReference; fileEncoding = 4; lastKnownFileType = sourcecode.c.objc; path = "UIImage+WebP.m"; sourceTree = "<group>"; };
		019CB1CD1EFE4CC4001CA496 /* UIImageView+HighlightedWebCache.h */ = {isa = PBXFileReference; fileEncoding = 4; lastKnownFileType = sourcecode.c.h; path = "UIImageView+HighlightedWebCache.h"; sourceTree = "<group>"; };
		019CB1CE1EFE4CC4001CA496 /* UIImageView+HighlightedWebCache.m */ = {isa = PBXFileReference; fileEncoding = 4; lastKnownFileType = sourcecode.c.objc; path = "UIImageView+HighlightedWebCache.m"; sourceTree = "<group>"; };
		019CB1CF1EFE4CC4001CA496 /* UIImageView+WebCache.h */ = {isa = PBXFileReference; fileEncoding = 4; lastKnownFileType = sourcecode.c.h; path = "UIImageView+WebCache.h"; sourceTree = "<group>"; };
		019CB1D01EFE4CC4001CA496 /* UIImageView+WebCache.m */ = {isa = PBXFileReference; fileEncoding = 4; lastKnownFileType = sourcecode.c.objc; path = "UIImageView+WebCache.m"; sourceTree = "<group>"; };
		019CB1D11EFE4CC4001CA496 /* UIView+WebCacheOperation.h */ = {isa = PBXFileReference; fileEncoding = 4; lastKnownFileType = sourcecode.c.h; path = "UIView+WebCacheOperation.h"; sourceTree = "<group>"; };
		019CB1D21EFE4CC4001CA496 /* UIView+WebCacheOperation.m */ = {isa = PBXFileReference; fileEncoding = 4; lastKnownFileType = sourcecode.c.objc; path = "UIView+WebCacheOperation.m"; sourceTree = "<group>"; };
		019CB1D41EFE4CC4001CA496 /* NSObject+YYModel.h */ = {isa = PBXFileReference; fileEncoding = 4; lastKnownFileType = sourcecode.c.h; path = "NSObject+YYModel.h"; sourceTree = "<group>"; };
		019CB1D51EFE4CC4001CA496 /* NSObject+YYModel.m */ = {isa = PBXFileReference; fileEncoding = 4; lastKnownFileType = sourcecode.c.objc; path = "NSObject+YYModel.m"; sourceTree = "<group>"; };
		019CB1D61EFE4CC4001CA496 /* YYClassInfo.h */ = {isa = PBXFileReference; fileEncoding = 4; lastKnownFileType = sourcecode.c.h; path = YYClassInfo.h; sourceTree = "<group>"; };
		019CB1D71EFE4CC4001CA496 /* YYClassInfo.m */ = {isa = PBXFileReference; fileEncoding = 4; lastKnownFileType = sourcecode.c.objc; path = YYClassInfo.m; sourceTree = "<group>"; };
		019CB1D81EFE4CC4001CA496 /* YYModel.h */ = {isa = PBXFileReference; fileEncoding = 4; lastKnownFileType = sourcecode.c.h; path = YYModel.h; sourceTree = "<group>"; };
		019CB1F11EFE4D00001CA496 /* AppModel.h */ = {isa = PBXFileReference; fileEncoding = 4; lastKnownFileType = sourcecode.c.h; path = AppModel.h; sourceTree = "<group>"; };
		019CB1F21EFE4D00001CA496 /* AppModel.m */ = {isa = PBXFileReference; fileEncoding = 4; lastKnownFileType = sourcecode.c.objc; path = AppModel.m; sourceTree = "<group>"; };
		01C84FFF1EFCF87F00A61A28 /* SZWebImage.app */ = {isa = PBXFileReference; explicitFileType = wrapper.application; includeInIndex = 0; path = SZWebImage.app; sourceTree = BUILT_PRODUCTS_DIR; };
		01C850031EFCF87F00A61A28 /* main.m */ = {isa = PBXFileReference; lastKnownFileType = sourcecode.c.objc; path = main.m; sourceTree = "<group>"; };
		01C850051EFCF87F00A61A28 /* AppDelegate.h */ = {isa = PBXFileReference; lastKnownFileType = sourcecode.c.h; path = AppDelegate.h; sourceTree = "<group>"; };
		01C850061EFCF87F00A61A28 /* AppDelegate.m */ = {isa = PBXFileReference; lastKnownFileType = sourcecode.c.objc; path = AppDelegate.m; sourceTree = "<group>"; };
		01C850081EFCF87F00A61A28 /* ViewController.h */ = {isa = PBXFileReference; lastKnownFileType = sourcecode.c.h; path = ViewController.h; sourceTree = "<group>"; };
		01C850091EFCF87F00A61A28 /* ViewController.m */ = {isa = PBXFileReference; lastKnownFileType = sourcecode.c.objc; path = ViewController.m; sourceTree = "<group>"; };
		01C8500C1EFCF87F00A61A28 /* Base */ = {isa = PBXFileReference; lastKnownFileType = file.storyboard; name = Base; path = Base.lproj/Main.storyboard; sourceTree = "<group>"; };
		01C8500E1EFCF87F00A61A28 /* Assets.xcassets */ = {isa = PBXFileReference; lastKnownFileType = folder.assetcatalog; path = Assets.xcassets; sourceTree = "<group>"; };
		01C850111EFCF87F00A61A28 /* Base */ = {isa = PBXFileReference; lastKnownFileType = file.storyboard; name = Base; path = Base.lproj/LaunchScreen.storyboard; sourceTree = "<group>"; };
		01C850131EFCF87F00A61A28 /* Info.plist */ = {isa = PBXFileReference; lastKnownFileType = text.plist.xml; path = Info.plist; sourceTree = "<group>"; };
		01C8501A1EFD000200A61A28 /* SZDownloadOperation.h */ = {isa = PBXFileReference; fileEncoding = 4; lastKnownFileType = sourcecode.c.h; path = SZDownloadOperation.h; sourceTree = "<group>"; };
		01C8501B1EFD000200A61A28 /* SZDownloadOperation.m */ = {isa = PBXFileReference; fileEncoding = 4; lastKnownFileType = sourcecode.c.objc; path = SZDownloadOperation.m; sourceTree = "<group>"; };
/* End PBXFileReference section */

/* Begin PBXFrameworksBuildPhase section */
		01C84FFC1EFCF87F00A61A28 /* Frameworks */ = {
			isa = PBXFrameworksBuildPhase;
			buildActionMask = 2147483647;
			files = (
			);
			runOnlyForDeploymentPostprocessing = 0;
		};
/* End PBXFrameworksBuildPhase section */

/* Begin PBXGroup section */
		019CB1A21EFE4CC4001CA496 /* ThirdLib */ = {
			isa = PBXGroup;
			children = (
				019CB1A31EFE4CC4001CA496 /* AFNetworking */,
				019CB1B11EFE4CC4001CA496 /* SDWebImage */,
				019CB1D31EFE4CC4001CA496 /* YYModel */,
			);
			path = ThirdLib;
			sourceTree = "<group>";
		};
		019CB1A31EFE4CC4001CA496 /* AFNetworking */ = {
			isa = PBXGroup;
			children = (
				019CB1A41EFE4CC4001CA496 /* AFHTTPSessionManager.h */,
				019CB1A51EFE4CC4001CA496 /* AFHTTPSessionManager.m */,
				019CB1A61EFE4CC4001CA496 /* AFNetworking.h */,
				019CB1A71EFE4CC4001CA496 /* AFNetworkReachabilityManager.h */,
				019CB1A81EFE4CC4001CA496 /* AFNetworkReachabilityManager.m */,
				019CB1A91EFE4CC4001CA496 /* AFSecurityPolicy.h */,
				019CB1AA1EFE4CC4001CA496 /* AFSecurityPolicy.m */,
				019CB1AB1EFE4CC4001CA496 /* AFURLRequestSerialization.h */,
				019CB1AC1EFE4CC4001CA496 /* AFURLRequestSerialization.m */,
				019CB1AD1EFE4CC4001CA496 /* AFURLResponseSerialization.h */,
				019CB1AE1EFE4CC4001CA496 /* AFURLResponseSerialization.m */,
				019CB1AF1EFE4CC4001CA496 /* AFURLSessionManager.h */,
				019CB1B01EFE4CC4001CA496 /* AFURLSessionManager.m */,
			);
			path = AFNetworking;
			sourceTree = "<group>";
		};
		019CB1B11EFE4CC4001CA496 /* SDWebImage */ = {
			isa = PBXGroup;
			children = (
				019CB1B21EFE4CC4001CA496 /* MKAnnotationView+WebCache.h */,
				019CB1B31EFE4CC4001CA496 /* MKAnnotationView+WebCache.m */,
				019CB1B41EFE4CC4001CA496 /* NSData+ImageContentType.h */,
				019CB1B51EFE4CC4001CA496 /* NSData+ImageContentType.m */,
				019CB1B61EFE4CC4001CA496 /* SDImageCache.h */,
				019CB1B71EFE4CC4001CA496 /* SDImageCache.m */,
				019CB1B81EFE4CC4001CA496 /* SDWebImageCompat.h */,
				019CB1B91EFE4CC4001CA496 /* SDWebImageCompat.m */,
				019CB1BA1EFE4CC4001CA496 /* SDWebImageDecoder.h */,
				019CB1BB1EFE4CC4001CA496 /* SDWebImageDecoder.m */,
				019CB1BC1EFE4CC4001CA496 /* SDWebImageDownloader.h */,
				019CB1BD1EFE4CC4001CA496 /* SDWebImageDownloader.m */,
				019CB1BE1EFE4CC4001CA496 /* SDWebImageDownloaderOperation.h */,
				019CB1BF1EFE4CC4001CA496 /* SDWebImageDownloaderOperation.m */,
				019CB1C01EFE4CC4001CA496 /* SDWebImageManager.h */,
				019CB1C11EFE4CC4001CA496 /* SDWebImageManager.m */,
				019CB1C21EFE4CC4001CA496 /* SDWebImageOperation.h */,
				019CB1C31EFE4CC4001CA496 /* SDWebImagePrefetcher.h */,
				019CB1C41EFE4CC4001CA496 /* SDWebImagePrefetcher.m */,
				019CB1C51EFE4CC4001CA496 /* UIButton+WebCache.h */,
				019CB1C61EFE4CC4001CA496 /* UIButton+WebCache.m */,
				019CB1C71EFE4CC4001CA496 /* UIImage+GIF.h */,
				019CB1C81EFE4CC4001CA496 /* UIImage+GIF.m */,
				019CB1C91EFE4CC4001CA496 /* UIImage+MultiFormat.h */,
				019CB1CA1EFE4CC4001CA496 /* UIImage+MultiFormat.m */,
				019CB1CB1EFE4CC4001CA496 /* UIImage+WebP.h */,
				019CB1CC1EFE4CC4001CA496 /* UIImage+WebP.m */,
				019CB1CD1EFE4CC4001CA496 /* UIImageView+HighlightedWebCache.h */,
				019CB1CE1EFE4CC4001CA496 /* UIImageView+HighlightedWebCache.m */,
				019CB1CF1EFE4CC4001CA496 /* UIImageView+WebCache.h */,
				019CB1D01EFE4CC4001CA496 /* UIImageView+WebCache.m */,
				019CB1D11EFE4CC4001CA496 /* UIView+WebCacheOperation.h */,
				019CB1D21EFE4CC4001CA496 /* UIView+WebCacheOperation.m */,
			);
			path = SDWebImage;
			sourceTree = "<group>";
		};
		019CB1D31EFE4CC4001CA496 /* YYModel */ = {
			isa = PBXGroup;
			children = (
				019CB1D41EFE4CC4001CA496 /* NSObject+YYModel.h */,
				019CB1D51EFE4CC4001CA496 /* NSObject+YYModel.m */,
				019CB1D61EFE4CC4001CA496 /* YYClassInfo.h */,
				019CB1D71EFE4CC4001CA496 /* YYClassInfo.m */,
				019CB1D81EFE4CC4001CA496 /* YYModel.h */,
			);
			path = YYModel;
			sourceTree = "<group>";
		};
		01C84FF61EFCF87F00A61A28 = {
			isa = PBXGroup;
			children = (
				01C850011EFCF87F00A61A28 /* SZWebImage */,
				01C850001EFCF87F00A61A28 /* Products */,
			);
			sourceTree = "<group>";
		};
		01C850001EFCF87F00A61A28 /* Products */ = {
			isa = PBXGroup;
			children = (
				01C84FFF1EFCF87F00A61A28 /* SZWebImage.app */,
			);
			name = Products;
			sourceTree = "<group>";
		};
		01C850011EFCF87F00A61A28 /* SZWebImage */ = {
			isa = PBXGroup;
			children = (
				019CB1A21EFE4CC4001CA496 /* ThirdLib */,
				01C850191EFCFFC900A61A28 /* SZWebImage */,
				01C850051EFCF87F00A61A28 /* AppDelegate.h */,
				01C850061EFCF87F00A61A28 /* AppDelegate.m */,
				01C850081EFCF87F00A61A28 /* ViewController.h */,
				01C850091EFCF87F00A61A28 /* ViewController.m */,
				019CB1F11EFE4D00001CA496 /* AppModel.h */,
				019CB1F21EFE4D00001CA496 /* AppModel.m */,
				01C8500B1EFCF87F00A61A28 /* Main.storyboard */,
				01C8500E1EFCF87F00A61A28 /* Assets.xcassets */,
				01C850101EFCF87F00A61A28 /* LaunchScreen.storyboard */,
				01C850131EFCF87F00A61A28 /* Info.plist */,
				01C850021EFCF87F00A61A28 /* Supporting Files */,
			);
			path = SZWebImage;
			sourceTree = "<group>";
		};
		01C850021EFCF87F00A61A28 /* Supporting Files */ = {
			isa = PBXGroup;
			children = (
				01C850031EFCF87F00A61A28 /* main.m */,
			);
			name = "Supporting Files";
			sourceTree = "<group>";
		};
		01C850191EFCFFC900A61A28 /* SZWebImage */ = {
			isa = PBXGroup;
			children = (
				01C8501A1EFD000200A61A28 /* SZDownloadOperation.h */,
				01C8501B1EFD000200A61A28 /* SZDownloadOperation.m */,
			);
			path = SZWebImage;
			sourceTree = "<group>";
		};
/* End PBXGroup section */

/* Begin PBXNativeTarget section */
		01C84FFE1EFCF87F00A61A28 /* SZWebImage */ = {
			isa = PBXNativeTarget;
			buildConfigurationList = 01C850161EFCF87F00A61A28 /* Build configuration list for PBXNativeTarget "SZWebImage" */;
			buildPhases = (
				01C84FFB1EFCF87F00A61A28 /* Sources */,
				01C84FFC1EFCF87F00A61A28 /* Frameworks */,
				01C84FFD1EFCF87F00A61A28 /* Resources */,
			);
			buildRules = (
			);
			dependencies = (
			);
			name = SZWebImage;
			productName = SZWebImage;
			productReference = 01C84FFF1EFCF87F00A61A28 /* SZWebImage.app */;
			productType = "com.apple.product-type.application";
		};
/* End PBXNativeTarget section */

/* Begin PBXProject section */
		01C84FF71EFCF87F00A61A28 /* Project object */ = {
			isa = PBXProject;
			attributes = {
				LastUpgradeCheck = 0830;
				ORGANIZATIONNAME = Zahi;
				TargetAttributes = {
					01C84FFE1EFCF87F00A61A28 = {
						CreatedOnToolsVersion = 8.3.1;
						DevelopmentTeam = MP46YHL9C7;
						ProvisioningStyle = Automatic;
					};
				};
			};
			buildConfigurationList = 01C84FFA1EFCF87F00A61A28 /* Build configuration list for PBXProject "SZWebImage" */;
			compatibilityVersion = "Xcode 3.2";
			developmentRegion = English;
			hasScannedForEncodings = 0;
			knownRegions = (
				en,
				Base,
			);
			mainGroup = 01C84FF61EFCF87F00A61A28;
			productRefGroup = 01C850001EFCF87F00A61A28 /* Products */;
			projectDirPath = "";
			projectRoot = "";
			targets = (
				01C84FFE1EFCF87F00A61A28 /* SZWebImage */,
			);
		};
/* End PBXProject section */

/* Begin PBXResourcesBuildPhase section */
		01C84FFD1EFCF87F00A61A28 /* Resources */ = {
			isa = PBXResourcesBuildPhase;
			buildActionMask = 2147483647;
			files = (
				01C850121EFCF87F00A61A28 /* LaunchScreen.storyboard in Resources */,
				01C8500F1EFCF87F00A61A28 /* Assets.xcassets in Resources */,
				01C8500D1EFCF87F00A61A28 /* Main.storyboard in Resources */,
			);
			runOnlyForDeploymentPostprocessing = 0;
		};
/* End PBXResourcesBuildPhase section */

/* Begin PBXSourcesBuildPhase section */
		01C84FFB1EFCF87F00A61A28 /* Sources */ = {
			isa = PBXSourcesBuildPhase;
			buildActionMask = 2147483647;
			files = (
				019CB1EF1EFE4CC4001CA496 /* NSObject+YYModel.m in Sources */,
				019CB1DB1EFE4CC4001CA496 /* AFSecurityPolicy.m in Sources */,
				019CB1DF1EFE4CC4001CA496 /* MKAnnotationView+WebCache.m in Sources */,
				019CB1DD1EFE4CC4001CA496 /* AFURLResponseSerialization.m in Sources */,
				019CB1E71EFE4CC4001CA496 /* SDWebImagePrefetcher.m in Sources */,
				019CB1E61EFE4CC4001CA496 /* SDWebImageManager.m in Sources */,
				01C8500A1EFCF87F00A61A28 /* ViewController.m in Sources */,
				01C850071EFCF87F00A61A28 /* AppDelegate.m in Sources */,
				019CB1ED1EFE4CC4001CA496 /* UIImageView+WebCache.m in Sources */,
				019CB1E21EFE4CC4001CA496 /* SDWebImageCompat.m in Sources */,
				019CB1D91EFE4CC4001CA496 /* AFHTTPSessionManager.m in Sources */,
				019CB1E31EFE4CC4001CA496 /* SDWebImageDecoder.m in Sources */,
				019CB1EA1EFE4CC4001CA496 /* UIImage+MultiFormat.m in Sources */,
				019CB1EB1EFE4CC4001CA496 /* UIImage+WebP.m in Sources */,
				019CB1F31EFE4D00001CA496 /* AppModel.m in Sources */,
				019CB1E51EFE4CC4001CA496 /* SDWebImageDownloaderOperation.m in Sources */,
				019CB1EE1EFE4CC4001CA496 /* UIView+WebCacheOperation.m in Sources */,
				019CB1E41EFE4CC4001CA496 /* SDWebImageDownloader.m in Sources */,
				019CB1E91EFE4CC4001CA496 /* UIImage+GIF.m in Sources */,
				019CB1DE1EFE4CC4001CA496 /* AFURLSessionManager.m in Sources */,
				01C8501C1EFD000200A61A28 /* SZDownloadOperation.m in Sources */,
				019CB1F01EFE4CC4001CA496 /* YYClassInfo.m in Sources */,
				019CB1DA1EFE4CC4001CA496 /* AFNetworkReachabilityManager.m in Sources */,
				019CB1EC1EFE4CC4001CA496 /* UIImageView+HighlightedWebCache.m in Sources */,
				01C850041EFCF87F00A61A28 /* main.m in Sources */,
				019CB1E11EFE4CC4001CA496 /* SDImageCache.m in Sources */,
				019CB1E81EFE4CC4001CA496 /* UIButton+WebCache.m in Sources */,
				019CB1E01EFE4CC4001CA496 /* NSData+ImageContentType.m in Sources */,
				019CB1DC1EFE4CC4001CA496 /* AFURLRequestSerialization.m in Sources */,
			);
			runOnlyForDeploymentPostprocessing = 0;
		};
/* End PBXSourcesBuildPhase section */

/* Begin PBXVariantGroup section */
		01C8500B1EFCF87F00A61A28 /* Main.storyboard */ = {
			isa = PBXVariantGroup;
			children = (
				01C8500C1EFCF87F00A61A28 /* Base */,
			);
			name = Main.storyboard;
			sourceTree = "<group>";
		};
		01C850101EFCF87F00A61A28 /* LaunchScreen.storyboard */ = {
			isa = PBXVariantGroup;
			children = (
				01C850111EFCF87F00A61A28 /* Base */,
			);
			name = LaunchScreen.storyboard;
			sourceTree = "<group>";
		};
/* End PBXVariantGroup section */

/* Begin XCBuildConfiguration section */
		01C850141EFCF87F00A61A28 /* Debug */ = {
			isa = XCBuildConfiguration;
			buildSettings = {
				ALWAYS_SEARCH_USER_PATHS = NO;
				CLANG_ANALYZER_NONNULL = YES;
				CLANG_ANALYZER_NUMBER_OBJECT_CONVERSION = YES_AGGRESSIVE;
				CLANG_CXX_LANGUAGE_STANDARD = "gnu++0x";
				CLANG_CXX_LIBRARY = "libc++";
				CLANG_ENABLE_MODULES = YES;
				CLANG_ENABLE_OBJC_ARC = YES;
				CLANG_WARN_BOOL_CONVERSION = YES;
				CLANG_WARN_CONSTANT_CONVERSION = YES;
				CLANG_WARN_DIRECT_OBJC_ISA_USAGE = YES_ERROR;
				CLANG_WARN_DOCUMENTATION_COMMENTS = YES;
				CLANG_WARN_EMPTY_BODY = YES;
				CLANG_WARN_ENUM_CONVERSION = YES;
				CLANG_WARN_INFINITE_RECURSION = YES;
				CLANG_WARN_INT_CONVERSION = YES;
				CLANG_WARN_OBJC_ROOT_CLASS = YES_ERROR;
				CLANG_WARN_SUSPICIOUS_MOVE = YES;
				CLANG_WARN_UNREACHABLE_CODE = YES;
				CLANG_WARN__DUPLICATE_METHOD_MATCH = YES;
				"CODE_SIGN_IDENTITY[sdk=iphoneos*]" = "iPhone Developer";
				COPY_PHASE_STRIP = NO;
				DEBUG_INFORMATION_FORMAT = dwarf;
				ENABLE_STRICT_OBJC_MSGSEND = YES;
				ENABLE_TESTABILITY = YES;
				GCC_C_LANGUAGE_STANDARD = gnu99;
				GCC_DYNAMIC_NO_PIC = NO;
				GCC_NO_COMMON_BLOCKS = YES;
				GCC_OPTIMIZATION_LEVEL = 0;
				GCC_PREPROCESSOR_DEFINITIONS = (
					"DEBUG=1",
					"$(inherited)",
				);
				GCC_WARN_64_TO_32_BIT_CONVERSION = YES;
				GCC_WARN_ABOUT_RETURN_TYPE = YES_ERROR;
				GCC_WARN_UNDECLARED_SELECTOR = YES;
				GCC_WARN_UNINITIALIZED_AUTOS = YES_AGGRESSIVE;
				GCC_WARN_UNUSED_FUNCTION = YES;
				GCC_WARN_UNUSED_VARIABLE = YES;
				IPHONEOS_DEPLOYMENT_TARGET = 10.3;
				MTL_ENABLE_DEBUG_INFO = YES;
				ONLY_ACTIVE_ARCH = YES;
				SDKROOT = iphoneos;
			};
			name = Debug;
		};
		01C850151EFCF87F00A61A28 /* Release */ = {
			isa = XCBuildConfiguration;
			buildSettings = {
				ALWAYS_SEARCH_USER_PATHS = NO;
				CLANG_ANALYZER_NONNULL = YES;
				CLANG_ANALYZER_NUMBER_OBJECT_CONVERSION = YES_AGGRESSIVE;
				CLANG_CXX_LANGUAGE_STANDARD = "gnu++0x";
				CLANG_CXX_LIBRARY = "libc++";
				CLANG_ENABLE_MODULES = YES;
				CLANG_ENABLE_OBJC_ARC = YES;
				CLANG_WARN_BOOL_CONVERSION = YES;
				CLANG_WARN_CONSTANT_CONVERSION = YES;
				CLANG_WARN_DIRECT_OBJC_ISA_USAGE = YES_ERROR;
				CLANG_WARN_DOCUMENTATION_COMMENTS = YES;
				CLANG_WARN_EMPTY_BODY = YES;
				CLANG_WARN_ENUM_CONVERSION = YES;
				CLANG_WARN_INFINITE_RECURSION = YES;
				CLANG_WARN_INT_CONVERSION = YES;
				CLANG_WARN_OBJC_ROOT_CLASS = YES_ERROR;
				CLANG_WARN_SUSPICIOUS_MOVE = YES;
				CLANG_WARN_UNREACHABLE_CODE = YES;
				CLANG_WARN__DUPLICATE_METHOD_MATCH = YES;
				"CODE_SIGN_IDENTITY[sdk=iphoneos*]" = "iPhone Developer";
				COPY_PHASE_STRIP = NO;
				DEBUG_INFORMATION_FORMAT = "dwarf-with-dsym";
				ENABLE_NS_ASSERTIONS = NO;
				ENABLE_STRICT_OBJC_MSGSEND = YES;
				GCC_C_LANGUAGE_STANDARD = gnu99;
				GCC_NO_COMMON_BLOCKS = YES;
				GCC_WARN_64_TO_32_BIT_CONVERSION = YES;
				GCC_WARN_ABOUT_RETURN_TYPE = YES_ERROR;
				GCC_WARN_UNDECLARED_SELECTOR = YES;
				GCC_WARN_UNINITIALIZED_AUTOS = YES_AGGRESSIVE;
				GCC_WARN_UNUSED_FUNCTION = YES;
				GCC_WARN_UNUSED_VARIABLE = YES;
				IPHONEOS_DEPLOYMENT_TARGET = 10.3;
				MTL_ENABLE_DEBUG_INFO = NO;
				SDKROOT = iphoneos;
				VALIDATE_PRODUCT = YES;
			};
			name = Release;
		};
		01C850171EFCF87F00A61A28 /* Debug */ = {
			isa = XCBuildConfiguration;
			buildSettings = {
				ASSETCATALOG_COMPILER_APPICON_NAME = AppIcon;
				DEVELOPMENT_TEAM = MP46YHL9C7;
				INFOPLIST_FILE = SZWebImage/Info.plist;
				LD_RUNPATH_SEARCH_PATHS = "$(inherited) @executable_path/Frameworks";
				PRODUCT_BUNDLE_IDENTIFIER = com.zahi.SZWebImage;
				PRODUCT_NAME = "$(TARGET_NAME)";
			};
			name = Debug;
		};
		01C850181EFCF87F00A61A28 /* Release */ = {
			isa = XCBuildConfiguration;
			buildSettings = {
				ASSETCATALOG_COMPILER_APPICON_NAME = AppIcon;
				DEVELOPMENT_TEAM = MP46YHL9C7;
				INFOPLIST_FILE = SZWebImage/Info.plist;
				LD_RUNPATH_SEARCH_PATHS = "$(inherited) @executable_path/Frameworks";
				PRODUCT_BUNDLE_IDENTIFIER = com.zahi.SZWebImage;
				PRODUCT_NAME = "$(TARGET_NAME)";
			};
			name = Release;
		};
/* End XCBuildConfiguration section */

/* Begin XCConfigurationList section */
		01C84FFA1EFCF87F00A61A28 /* Build configuration list for PBXProject "SZWebImage" */ = {
			isa = XCConfigurationList;
			buildConfigurations = (
				01C850141EFCF87F00A61A28 /* Debug */,
				01C850151EFCF87F00A61A28 /* Release */,
			);
			defaultConfigurationIsVisible = 0;
			defaultConfigurationName = Release;
		};
		01C850161EFCF87F00A61A28 /* Build configuration list for PBXNativeTarget "SZWebImage" */ = {
			isa = XCConfigurationList;
			buildConfigurations = (
				01C850171EFCF87F00A61A28 /* Debug */,
				01C850181EFCF87F00A61A28 /* Release */,
			);
			defaultConfigurationIsVisible = 0;
			defaultConfigurationName = Release;
		};
/* End XCConfigurationList section */
	};
	rootObject = 01C84FF71EFCF87F00A61A28 /* Project object */;
}
